// !$*UTF8*$!
{
	archiveVersion = 1;
	classes = {
	};
	objectVersion = 56;
	objects = {

/* Begin PBXBuildFile section */
		FB60F71729721E5C0087ABC9 /* AppDelegate.swift in Sources */ = {isa = PBXBuildFile; fileRef = FB60F71629721E5C0087ABC9 /* AppDelegate.swift */; };
		FB60F71929721E5C0087ABC9 /* SceneDelegate.swift in Sources */ = {isa = PBXBuildFile; fileRef = FB60F71829721E5C0087ABC9 /* SceneDelegate.swift */; };
		FB60F71B29721E5C0087ABC9 /* ViewController.swift in Sources */ = {isa = PBXBuildFile; fileRef = FB60F71A29721E5C0087ABC9 /* ViewController.swift */; };
		FB60F71E29721E5C0087ABC9 /* Main.storyboard in Resources */ = {isa = PBXBuildFile; fileRef = FB60F71C29721E5C0087ABC9 /* Main.storyboard */; };
		FB60F72129721E5C0087ABC9 /* piedrapapeltijerascascaron.xcdatamodeld in Sources */ = {isa = PBXBuildFile; fileRef = FB60F71F29721E5C0087ABC9 /* piedrapapeltijerascascaron.xcdatamodeld */; };
		FB60F72329721E5E0087ABC9 /* Assets.xcassets in Resources */ = {isa = PBXBuildFile; fileRef = FB60F72229721E5E0087ABC9 /* Assets.xcassets */; };
		FB60F72629721E5E0087ABC9 /* LaunchScreen.storyboard in Resources */ = {isa = PBXBuildFile; fileRef = FB60F72429721E5E0087ABC9 /* LaunchScreen.storyboard */; };
/* End PBXBuildFile section */

/* Begin PBXFileReference section */
		FB60F71329721E5C0087ABC9 /* piedrapapeltijerascascaron.app */ = {isa = PBXFileReference; explicitFileType = wrapper.application; includeInIndex = 0; path = piedrapapeltijerascascaron.app; sourceTree = BUILT_PRODUCTS_DIR; };
		FB60F71629721E5C0087ABC9 /* AppDelegate.swift */ = {isa = PBXFileReference; lastKnownFileType = sourcecode.swift; path = AppDelegate.swift; sourceTree = "<group>"; };
		FB60F71829721E5C0087ABC9 /* SceneDelegate.swift */ = {isa = PBXFileReference; lastKnownFileType = sourcecode.swift; path = SceneDelegate.swift; sourceTree = "<group>"; };
		FB60F71A29721E5C0087ABC9 /* ViewController.swift */ = {isa = PBXFileReference; lastKnownFileType = sourcecode.swift; path = ViewController.swift; sourceTree = "<group>"; };
		FB60F71D29721E5C0087ABC9 /* Base */ = {isa = PBXFileReference; lastKnownFileType = file.storyboard; name = Base; path = Base.lproj/Main.storyboard; sourceTree = "<group>"; };
		FB60F72029721E5C0087ABC9 /* piedrapapeltijerascascaron.xcdatamodel */ = {isa = PBXFileReference; lastKnownFileType = wrapper.xcdatamodel; path = piedrapapeltijerascascaron.xcdatamodel; sourceTree = "<group>"; };
		FB60F72229721E5E0087ABC9 /* Assets.xcassets */ = {isa = PBXFileReference; lastKnownFileType = folder.assetcatalog; path = Assets.xcassets; sourceTree = "<group>"; };
		FB60F72529721E5E0087ABC9 /* Base */ = {isa = PBXFileReference; lastKnownFileType = file.storyboard; name = Base; path = Base.lproj/LaunchScreen.storyboard; sourceTree = "<group>"; };
		FB60F72729721E5E0087ABC9 /* Info.plist */ = {isa = PBXFileReference; lastKnownFileType = text.plist.xml; path = Info.plist; sourceTree = "<group>"; };
/* End PBXFileReference section */

/* Begin PBXFrameworksBuildPhase section */
		FB60F71029721E5C0087ABC9 /* Frameworks */ = {
			isa = PBXFrameworksBuildPhase;
			buildActionMask = 2147483647;
			files = (
			);
			runOnlyForDeploymentPostprocessing = 0;
		};
/* End PBXFrameworksBuildPhase section */

/* Begin PBXGroup section */
		FB60F70A29721E5C0087ABC9 = {
			isa = PBXGroup;
			children = (
				FB60F71529721E5C0087ABC9 /* piedrapapeltijerascascaron */,
				FB60F71429721E5C0087ABC9 /* Products */,
			);
			sourceTree = "<group>";
		};
		FB60F71429721E5C0087ABC9 /* Products */ = {
			isa = PBXGroup;
			children = (
				FB60F71329721E5C0087ABC9 /* piedrapapeltijerascascaron.app */,
			);
			name = Products;
			sourceTree = "<group>";
		};
		FB60F71529721E5C0087ABC9 /* piedrapapeltijerascascaron */ = {
			isa = PBXGroup;
			children = (
				FB60F72D297224020087ABC9 /* View */,
				FB60F71629721E5C0087ABC9 /* AppDelegate.swift */,
				FB60F71829721E5C0087ABC9 /* SceneDelegate.swift */,
				FB60F71A29721E5C0087ABC9 /* ViewController.swift */,
				FB60F71C29721E5C0087ABC9 /* Main.storyboard */,
				FB60F72229721E5E0087ABC9 /* Assets.xcassets */,
				FB60F72429721E5E0087ABC9 /* LaunchScreen.storyboard */,
				FB60F72729721E5E0087ABC9 /* Info.plist */,
				FB60F71F29721E5C0087ABC9 /* piedrapapeltijerascascaron.xcdatamodeld */,
			);
			path = piedrapapeltijerascascaron;
			sourceTree = "<group>";
		};
		FB60F72D297224020087ABC9 /* View */ = {
			isa = PBXGroup;
			children = (
			);
			path = View;
			sourceTree = "<group>";
		};
/* End PBXGroup section */

/* Begin PBXNativeTarget section */
		FB60F71229721E5C0087ABC9 /* piedrapapeltijerascascaron */ = {
			isa = PBXNativeTarget;
			buildConfigurationList = FB60F72A29721E5E0087ABC9 /* Build configuration list for PBXNativeTarget "piedrapapeltijerascascaron" */;
			buildPhases = (
				FB60F70F29721E5C0087ABC9 /* Sources */,
				FB60F71029721E5C0087ABC9 /* Frameworks */,
				FB60F71129721E5C0087ABC9 /* Resources */,
			);
			buildRules = (
			);
			dependencies = (
			);
			name = piedrapapeltijerascascaron;
			productName = piedrapapeltijerascascaron;
			productReference = FB60F71329721E5C0087ABC9 /* piedrapapeltijerascascaron.app */;
			productType = "com.apple.product-type.application";
		};
/* End PBXNativeTarget section */

/* Begin PBXProject section */
		FB60F70B29721E5C0087ABC9 /* Project object */ = {
			isa = PBXProject;
			attributes = {
				BuildIndependentTargetsInParallel = 1;
				LastSwiftUpdateCheck = 1400;
				LastUpgradeCheck = 1400;
				TargetAttributes = {
					FB60F71229721E5C0087ABC9 = {
						CreatedOnToolsVersion = 14.0.1;
					};
				};
			};
			buildConfigurationList = FB60F70E29721E5C0087ABC9 /* Build configuration list for PBXProject "piedrapapeltijerascascaron" */;
			compatibilityVersion = "Xcode 14.0";
			developmentRegion = en;
			hasScannedForEncodings = 0;
			knownRegions = (
				en,
				Base,
			);
			mainGroup = FB60F70A29721E5C0087ABC9;
			productRefGroup = FB60F71429721E5C0087ABC9 /* Products */;
			projectDirPath = "";
			projectRoot = "";
			targets = (
				FB60F71229721E5C0087ABC9 /* piedrapapeltijerascascaron */,
			);
		};
/* End PBXProject section */

/* Begin PBXResourcesBuildPhase section */
		FB60F71129721E5C0087ABC9 /* Resources */ = {
			isa = PBXResourcesBuildPhase;
			buildActionMask = 2147483647;
			files = (
				FB60F72629721E5E0087ABC9 /* LaunchScreen.storyboard in Resources */,
				FB60F72329721E5E0087ABC9 /* Assets.xcassets in Resources */,
				FB60F71E29721E5C0087ABC9 /* Main.storyboard in Resources */,
			);
			runOnlyForDeploymentPostprocessing = 0;
		};
/* End PBXResourcesBuildPhase section */

/* Begin PBXSourcesBuildPhase section */
		FB60F70F29721E5C0087ABC9 /* Sources */ = {
			isa = PBXSourcesBuildPhase;
			buildActionMask = 2147483647;
			files = (
				FB60F71B29721E5C0087ABC9 /* ViewController.swift in Sources */,
				FB60F71729721E5C0087ABC9 /* AppDelegate.swift in Sources */,
				FB60F72129721E5C0087ABC9 /* piedrapapeltijerascascaron.xcdatamodeld in Sources */,
				FB60F71929721E5C0087ABC9 /* SceneDelegate.swift in Sources */,
			);
			runOnlyForDeploymentPostprocessing = 0;
		};
/* End PBXSourcesBuildPhase section */

/* Begin PBXVariantGroup section */
		FB60F71C29721E5C0087ABC9 /* Main.storyboard */ = {
			isa = PBXVariantGroup;
			children = (
				FB60F71D29721E5C0087ABC9 /* Base */,
			);
			name = Main.storyboard;
			sourceTree = "<group>";
		};
		FB60F72429721E5E0087ABC9 /* LaunchScreen.storyboard */ = {
			isa = PBXVariantGroup;
			children = (
				FB60F72529721E5E0087ABC9 /* Base */,
			);
			name = LaunchScreen.storyboard;
			sourceTree = "<group>";
		};
/* End PBXVariantGroup section */

/* Begin XCBuildConfiguration section */
		FB60F72829721E5E0087ABC9 /* Debug */ = {
			isa = XCBuildConfiguration;
			buildSettings = {
				ALWAYS_SEARCH_USER_PATHS = NO;
				CLANG_ANALYZER_NONNULL = YES;
				CLANG_ANALYZER_NUMBER_OBJECT_CONVERSION = YES_AGGRESSIVE;
				CLANG_CXX_LANGUAGE_STANDARD = "gnu++20";
				CLANG_ENABLE_MODULES = YES;
				CLANG_ENABLE_OBJC_ARC = YES;
				CLANG_ENABLE_OBJC_WEAK = YES;
				CLANG_WARN_BLOCK_CAPTURE_AUTORELEASING = YES;
				CLANG_WARN_BOOL_CONVERSION = YES;
				CLANG_WARN_COMMA = YES;
				CLANG_WARN_CONSTANT_CONVERSION = YES;
				CLANG_WARN_DEPRECATED_OBJC_IMPLEMENTATIONS = YES;
				CLANG_WARN_DIRECT_OBJC_ISA_USAGE = YES_ERROR;
				CLANG_WARN_DOCUMENTATION_COMMENTS = YES;
				CLANG_WARN_EMPTY_BODY = YES;
				CLANG_WARN_ENUM_CONVERSION = YES;
				CLANG_WARN_INFINITE_RECURSION = YES;
				CLANG_WARN_INT_CONVERSION = YES;
				CLANG_WARN_NON_LITERAL_NULL_CONVERSION = YES;
				CLANG_WARN_OBJC_IMPLICIT_RETAIN_SELF = YES;
				CLANG_WARN_OBJC_LITERAL_CONVERSION = YES;
				CLANG_WARN_OBJC_ROOT_CLASS = YES_ERROR;
				CLANG_WARN_QUOTED_INCLUDE_IN_FRAMEWORK_HEADER = YES;
				CLANG_WARN_RANGE_LOOP_ANALYSIS = YES;
				CLANG_WARN_STRICT_PROTOTYPES = YES;
				CLANG_WARN_SUSPICIOUS_MOVE = YES;
				CLANG_WARN_UNGUARDED_AVAILABILITY = YES_AGGRESSIVE;
				CLANG_WARN_UNREACHABLE_CODE = YES;
				CLANG_WARN__DUPLICATE_METHOD_MATCH = YES;
				COPY_PHASE_STRIP = NO;
				DEBUG_INFORMATION_FORMAT = dwarf;
				ENABLE_STRICT_OBJC_MSGSEND = YES;
				ENABLE_TESTABILITY = YES;
				GCC_C_LANGUAGE_STANDARD = gnu11;
				GCC_DYNAMIC_NO_PIC = NO;
				GCC_NO_COMMON_BLOCKS = YES;
				GCC_OPTIMIZATION_LEVEL = 0;
				GCC_PREPROCESSOR_DEFINITIONS = (
					"DEBUG=1",
					"$(inherited)",
				);
				GCC_WARN_64_TO_32_BIT_CONVERSION = YES;
				GCC_WARN_ABOUT_RETURN_TYPE = YES_ERROR;
				GCC_WARN_UNDECLARED_SELECTOR = YES;
				GCC_WARN_UNINITIALIZED_AUTOS = YES_AGGRESSIVE;
				GCC_WARN_UNUSED_FUNCTION = YES;
				GCC_WARN_UNUSED_VARIABLE = YES;
				IPHONEOS_DEPLOYMENT_TARGET = 16.0;
				MTL_ENABLE_DEBUG_INFO = INCLUDE_SOURCE;
				MTL_FAST_MATH = YES;
				ONLY_ACTIVE_ARCH = YES;
				SDKROOT = iphoneos;
				SWIFT_ACTIVE_COMPILATION_CONDITIONS = DEBUG;
				SWIFT_OPTIMIZATION_LEVEL = "-Onone";
			};
			name = Debug;
		};
		FB60F72929721E5E0087ABC9 /* Release */ = {
			isa = XCBuildConfiguration;
			buildSettings = {
				ALWAYS_SEARCH_USER_PATHS = NO;
				CLANG_ANALYZER_NONNULL = YES;
				CLANG_ANALYZER_NUMBER_OBJECT_CONVERSION = YES_AGGRESSIVE;
				CLANG_CXX_LANGUAGE_STANDARD = "gnu++20";
				CLANG_ENABLE_MODULES = YES;
				CLANG_ENABLE_OBJC_ARC = YES;
				CLANG_ENABLE_OBJC_WEAK = YES;
				CLANG_WARN_BLOCK_CAPTURE_AUTORELEASING = YES;
				CLANG_WARN_BOOL_CONVERSION = YES;
				CLANG_WARN_COMMA = YES;
				CLANG_WARN_CONSTANT_CONVERSION = YES;
				CLANG_WARN_DEPRECATED_OBJC_IMPLEMENTATIONS = YES;
				CLANG_WARN_DIRECT_OBJC_ISA_USAGE = YES_ERROR;
				CLANG_WARN_DOCUMENTATION_COMMENTS = YES;
				CLANG_WARN_EMPTY_BODY = YES;
				CLANG_WARN_ENUM_CONVERSION = YES;
				CLANG_WARN_INFINITE_RECURSION = YES;
				CLANG_WARN_INT_CONVERSION = YES;
				CLANG_WARN_NON_LITERAL_NULL_CONVERSION = YES;
				CLANG_WARN_OBJC_IMPLICIT_RETAIN_SELF = YES;
				CLANG_WARN_OBJC_LITERAL_CONVERSION = YES;
				CLANG_WARN_OBJC_ROOT_CLASS = YES_ERROR;
				CLANG_WARN_QUOTED_INCLUDE_IN_FRAMEWORK_HEADER = YES;
				CLANG_WARN_RANGE_LOOP_ANALYSIS = YES;
				CLANG_WARN_STRICT_PROTOTYPES = YES;
				CLANG_WARN_SUSPICIOUS_MOVE = YES;
				CLANG_WARN_UNGUARDED_AVAILABILITY = YES_AGGRESSIVE;
				CLANG_WARN_UNREACHABLE_CODE = YES;
				CLANG_WARN__DUPLICATE_METHOD_MATCH = YES;
				COPY_PHASE_STRIP = NO;
				DEBUG_INFORMATION_FORMAT = "dwarf-with-dsym";
				ENABLE_NS_ASSERTIONS = NO;
				ENABLE_STRICT_OBJC_MSGSEND = YES;
				GCC_C_LANGUAGE_STANDARD = gnu11;
				GCC_NO_COMMON_BLOCKS = YES;
				GCC_WARN_64_TO_32_BIT_CONVERSION = YES;
				GCC_WARN_ABOUT_RETURN_TYPE = YES_ERROR;
				GCC_WARN_UNDECLARED_SELECTOR = YES;
				GCC_WARN_UNINITIALIZED_AUTOS = YES_AGGRESSIVE;
				GCC_WARN_UNUSED_FUNCTION = YES;
				GCC_WARN_UNUSED_VARIABLE = YES;
				IPHONEOS_DEPLOYMENT_TARGET = 16.0;
				MTL_ENABLE_DEBUG_INFO = NO;
				MTL_FAST_MATH = YES;
				SDKROOT = iphoneos;
				SWIFT_COMPILATION_MODE = wholemodule;
				SWIFT_OPTIMIZATION_LEVEL = "-O";
				VALIDATE_PRODUCT = YES;
			};
			name = Release;
		};
		FB60F72B29721E5E0087ABC9 /* Debug */ = {
			isa = XCBuildConfiguration;
			buildSettings = {
				ASSETCATALOG_COMPILER_APPICON_NAME = AppIcon;
				ASSETCATALOG_COMPILER_GLOBAL_ACCENT_COLOR_NAME = AccentColor;
				CODE_SIGN_STYLE = Automatic;
				CURRENT_PROJECT_VERSION = 1;
				GENERATE_INFOPLIST_FILE = YES;
				INFOPLIST_FILE = piedrapapeltijerascascaron/Info.plist;
				INFOPLIST_KEY_UIApplicationSupportsIndirectInputEvents = YES;
				INFOPLIST_KEY_UILaunchStoryboardName = LaunchScreen;
				INFOPLIST_KEY_UIMainStoryboardFile = Main;
				INFOPLIST_KEY_UISupportedInterfaceOrientations = "UIInterfaceOrientationLandscapeLeft UIInterfaceOrientationLandscapeRight UIInterfaceOrientationPortrait";
				LD_RUNPATH_SEARCH_PATHS = (
					"$(inherited)",
					"@executable_path/Frameworks",
				);
				MARKETING_VERSION = 1.0;
				PRODUCT_BUNDLE_IDENTIFIER = com.digis.piedrapapeltijerascascaron;
				PRODUCT_NAME = "$(TARGET_NAME)";
				SWIFT_EMIT_LOC_STRINGS = YES;
				SWIFT_VERSION = 5.0;
				TARGETED_DEVICE_FAMILY = "1,2";
			};
			name = Debug;
		};
		FB60F72C29721E5E0087ABC9 /* Release */ = {
			isa = XCBuildConfiguration;
			buildSettings = {
				ASSETCATALOG_COMPILER_APPICON_NAME = AppIcon;
				ASSETCATALOG_COMPILER_GLOBAL_ACCENT_COLOR_NAME = AccentColor;
				CODE_SIGN_STYLE = Automatic;
				CURRENT_PROJECT_VERSION = 1;
				GENERATE_INFOPLIST_FILE = YES;
				INFOPLIST_FILE = piedrapapeltijerascascaron/Info.plist;
				INFOPLIST_KEY_UIApplicationSupportsIndirectInputEvents = YES;
				INFOPLIST_KEY_UILaunchStoryboardName = LaunchScreen;
				INFOPLIST_KEY_UIMainStoryboardFile = Main;
				INFOPLIST_KEY_UISupportedInterfaceOrientations = "UIInterfaceOrientationLandscapeLeft UIInterfaceOrientationLandscapeRight UIInterfaceOrientationPortrait";
				LD_RUNPATH_SEARCH_PATHS = (
					"$(inherited)",
					"@executable_path/Frameworks",
				);
				MARKETING_VERSION = 1.0;
				PRODUCT_BUNDLE_IDENTIFIER = com.digis.piedrapapeltijerascascaron;
				PRODUCT_NAME = "$(TARGET_NAME)";
				SWIFT_EMIT_LOC_STRINGS = YES;
				SWIFT_VERSION = 5.0;
				TARGETED_DEVICE_FAMILY = "1,2";
			};
			name = Release;
		};
/* End XCBuildConfiguration section */

/* Begin XCConfigurationList section */
		FB60F70E29721E5C0087ABC9 /* Build configuration list for PBXProject "piedrapapeltijerascascaron" */ = {
			isa = XCConfigurationList;
			buildConfigurations = (
				FB60F72829721E5E0087ABC9 /* Debug */,
				FB60F72929721E5E0087ABC9 /* Release */,
			);
			defaultConfigurationIsVisible = 0;
			defaultConfigurationName = Release;
		};
		FB60F72A29721E5E0087ABC9 /* Build configuration list for PBXNativeTarget "piedrapapeltijerascascaron" */ = {
			isa = XCConfigurationList;
			buildConfigurations = (
				FB60F72B29721E5E0087ABC9 /* Debug */,
				FB60F72C29721E5E0087ABC9 /* Release */,
			);
			defaultConfigurationIsVisible = 0;
			defaultConfigurationName = Release;
		};
/* End XCConfigurationList section */

/* Begin XCVersionGroup section */
		FB60F71F29721E5C0087ABC9 /* piedrapapeltijerascascaron.xcdatamodeld */ = {
			isa = XCVersionGroup;
			children = (
				FB60F72029721E5C0087ABC9 /* piedrapapeltijerascascaron.xcdatamodel */,
			);
			currentVersion = FB60F72029721E5C0087ABC9 /* piedrapapeltijerascascaron.xcdatamodel */;
			path = piedrapapeltijerascascaron.xcdatamodeld;
			sourceTree = "<group>";
			versionGroupType = wrapper.xcdatamodel;
		};
/* End XCVersionGroup section */
	};
	rootObject = FB60F70B29721E5C0087ABC9 /* Project object */;
}
